
Microsoft Visual Studio Solution File, Format Version 12.00
# Visual Studio Version 16
VisualStudioVersion = 16.0.29209.62
MinimumVisualStudioVersion = 10.0.40219.1
Project("{FAE04EC0-301F-11D3-BF4B-00C04F79EFBC}") = "Lab23SWAPI", "Lab23SWAPI\Lab23SWAPI.csproj", "{12EBDE74-E600-48E4-9418-FA6FD57CF586}"
EndProject
Global
	GlobalSection(SolutionConfigurationPlatforms) = preSolution
		Debug|Any CPU = Debug|Any CPU
		Release|Any CPU = Release|Any CPU
	EndGlobalSection
	GlobalSection(ProjectConfigurationPlatforms) = postSolution
		{12EBDE74-E600-48E4-9418-FA6FD57CF586}.Debug|Any CPU.ActiveCfg = Debug|Any CPU
		{12EBDE74-E600-48E4-9418-FA6FD57CF586}.Debug|Any CPU.Build.0 = Debug|Any CPU
		{12EBDE74-E600-48E4-9418-FA6FD57CF586}.Release|Any CPU.ActiveCfg = Release|Any CPU
		{12EBDE74-E600-48E4-9418-FA6FD57CF586}.Release|Any CPU.Build.0 = Release|Any CPU
	EndGlobalSection
	GlobalSection(SolutionProperties) = preSolution
		HideSolutionNode = FALSE
	EndGlobalSection
	GlobalSection(ExtensibilityGlobals) = postSolution
		SolutionGuid = {9AE1C24D-37B6-42A6-97BC-5486D03D8408}
	EndGlobalSection
EndGlobal
